
Microsoft Visual Studio Solution File, Format Version 10.00
# Visual Studio 2008
Project("{8BC9CEB8-8B4A-11D0-8D11-00A0C91BC942}") = "jsplugin_videoplayer", "jsplugin_videoplayer.vcproj", "{7092C3AC-F44D-43D4-A5A0-761A9D60643E}"
EndProject
Global
	GlobalSection(SolutionConfigurationPlatforms) = preSolution
		Debug Unicode|Win32 = Debug Unicode|Win32
		Debug|Win32 = Debug|Win32
		Release|Win32 = Release|Win32
	EndGlobalSection
	GlobalSection(ProjectConfigurationPlatforms) = postSolution
		{7092C3AC-F44D-43D4-A5A0-761A9D60643E}.Debug Unicode|Win32.ActiveCfg = Debug Unicode|Win32
		{7092C3AC-F44D-43D4-A5A0-761A9D60643E}.Debug Unicode|Win32.Build.0 = Debug Unicode|Win32
		{7092C3AC-F44D-43D4-A5A0-761A9D60643E}.Debug|Win32.ActiveCfg = Debug|Win32
		{7092C3AC-F44D-43D4-A5A0-761A9D60643E}.Debug|Win32.Build.0 = Debug|Win32
		{7092C3AC-F44D-43D4-A5A0-761A9D60643E}.Release|Win32.ActiveCfg = Release|Win32
		{7092C3AC-F44D-43D4-A5A0-761A9D60643E}.Release|Win32.Build.0 = Release|Win32
	EndGlobalSection
	GlobalSection(SolutionProperties) = preSolution
		HideSolutionNode = FALSE
	EndGlobalSection
EndGlobal
