
Microsoft Visual Studio Solution File, Format Version 11.00
# Visual Studio 2010
Project("{8BC9CEB8-8B4A-11D0-8D11-00A0C91BC942}") = "desktop_starter", "desktop_starter\desktop_starter.vcxproj", "{982FD219-B6D3-45D3-A93F-1730C36477D7}"
EndProject
Project("{8BC9CEB8-8B4A-11D0-8D11-00A0C91BC942}") = "Opera", "Opera.vcxproj", "{49067E0F-D55E-4D76-AFD4-C229B256EE8A}"
	ProjectSection(ProjectDependencies) = postProject
		{7DB78C53-BA4D-4D95-BB5C-F3AA75C18C63} = {7DB78C53-BA4D-4D95-BB5C-F3AA75C18C63}
		{F28C9556-828D-40A7-B3E2-D87CB53E5C8D} = {F28C9556-828D-40A7-B3E2-D87CB53E5C8D}
		{6F9C4580-4F25-4E99-A0DA-1F56B995FF99} = {6F9C4580-4F25-4E99-A0DA-1F56B995FF99}
		{DCE19DAF-69AC-46DB-B14A-39F0FAA5DB74} = {DCE19DAF-69AC-46DB-B14A-39F0FAA5DB74}
		{58328DD8-A301-48CC-ADC9-550874C59250} = {58328DD8-A301-48CC-ADC9-550874C59250}
	EndProjectSection
EndProject
Project("{8BC9CEB8-8B4A-11D0-8D11-00A0C91BC942}") = "OperaProjectFile", "OperaProjectFile.vcxproj", "{F28C9556-828D-40A7-B3E2-D87CB53E5C8D}"
	ProjectSection(ProjectDependencies) = postProject
		{6F9C4580-4F25-4E99-A0DA-1F56B995FF99} = {6F9C4580-4F25-4E99-A0DA-1F56B995FF99}
	EndProjectSection
EndProject
Project("{8BC9CEB8-8B4A-11D0-8D11-00A0C91BC942}") = "operasetup", "operasetup.vcxproj", "{6F9C4580-4F25-4E99-A0DA-1F56B995FF99}"
EndProject
Project("{8BC9CEB8-8B4A-11D0-8D11-00A0C91BC942}") = "BuildResources", "BuildResources.vcxproj", "{E1BBAE20-218A-4952-87F8-F4602901DBC3}"
	ProjectSection(ProjectDependencies) = postProject
		{49067E0F-D55E-4D76-AFD4-C229B256EE8A} = {49067E0F-D55E-4D76-AFD4-C229B256EE8A}
		{982FD219-B6D3-45D3-A93F-1730C36477D7} = {982FD219-B6D3-45D3-A93F-1730C36477D7}
		{BCCECB64-BB6C-4755-AE3D-E647A8F029A1} = {BCCECB64-BB6C-4755-AE3D-E647A8F029A1}
		{D42C03BE-887F-4ACA-9C18-ECEFC22D35B6} = {D42C03BE-887F-4ACA-9C18-ECEFC22D35B6}
		{9B0416C9-6BB2-4ACB-B5CE-2968B01D0F5F} = {9B0416C9-6BB2-4ACB-B5CE-2968B01D0F5F}
		{133248D3-2BF8-4B17-AE1F-9596E17C97C2} = {133248D3-2BF8-4B17-AE1F-9596E17C97C2}
	EndProjectSection
EndProject
Project("{8BC9CEB8-8B4A-11D0-8D11-00A0C91BC942}") = "IDL_files", "IDL_files.vcxproj", "{58328DD8-A301-48CC-ADC9-550874C59250}"
EndProject
Project("{8BC9CEB8-8B4A-11D0-8D11-00A0C91BC942}") = "plugin_wrapper", "plugin_wrapper.vcxproj", "{133248D3-2BF8-4B17-AE1F-9596E17C97C2}"
	ProjectSection(ProjectDependencies) = postProject
		{F28C9556-828D-40A7-B3E2-D87CB53E5C8D} = {F28C9556-828D-40A7-B3E2-D87CB53E5C8D}
		{6F9C4580-4F25-4E99-A0DA-1F56B995FF99} = {6F9C4580-4F25-4E99-A0DA-1F56B995FF99}
	EndProjectSection
EndProject
Project("{8BC9CEB8-8B4A-11D0-8D11-00A0C91BC942}") = "plugin_wrapper_32", "plugin_wrapper_32.vcxproj", "{D42C03BE-887F-4ACA-9C18-ECEFC22D35B6}"
	ProjectSection(ProjectDependencies) = postProject
		{F28C9556-828D-40A7-B3E2-D87CB53E5C8D} = {F28C9556-828D-40A7-B3E2-D87CB53E5C8D}
		{6F9C4580-4F25-4E99-A0DA-1F56B995FF99} = {6F9C4580-4F25-4E99-A0DA-1F56B995FF99}
	EndProjectSection
EndProject
Project("{8BC9CEB8-8B4A-11D0-8D11-00A0C91BC942}") = "OperaMAPI", "OperaMAPI.vcxproj", "{9B0416C9-6BB2-4ACB-B5CE-2968B01D0F5F}"
	ProjectSection(ProjectDependencies) = postProject
		{F28C9556-828D-40A7-B3E2-D87CB53E5C8D} = {F28C9556-828D-40A7-B3E2-D87CB53E5C8D}
		{6F9C4580-4F25-4E99-A0DA-1F56B995FF99} = {6F9C4580-4F25-4E99-A0DA-1F56B995FF99}
	EndProjectSection
EndProject
Project("{8BC9CEB8-8B4A-11D0-8D11-00A0C91BC942}") = "OperaMAPI_32", "OperaMAPI_32.vcxproj", "{BCCECB64-BB6C-4755-AE3D-E647A8F029A1}"
	ProjectSection(ProjectDependencies) = postProject
		{F28C9556-828D-40A7-B3E2-D87CB53E5C8D} = {F28C9556-828D-40A7-B3E2-D87CB53E5C8D}
		{6F9C4580-4F25-4E99-A0DA-1F56B995FF99} = {6F9C4580-4F25-4E99-A0DA-1F56B995FF99}
	EndProjectSection
EndProject
Project("{8BC9CEB8-8B4A-11D0-8D11-00A0C91BC942}") = "libvpx", "..\media_backends\libvpx\build\opera\msvc2010\libvpx.vcxproj", "{DCE19DAF-69AC-46DB-B14A-39F0FAA5DB74}"
	ProjectSection(ProjectDependencies) = postProject
		{79B3E247-422E-4699-A4F2-FF829CD1417A} = {79B3E247-422E-4699-A4F2-FF829CD1417A}
		{20676F6A-D266-4672-B19F-7471E658331A} = {20676F6A-D266-4672-B19F-7471E658331A}
	EndProjectSection
EndProject
Project("{8BC9CEB8-8B4A-11D0-8D11-00A0C91BC942}") = "libvpx_asm_offsets", "..\media_backends\libvpx\build\opera\msvc2010\libvpx_asm_offsets.vcxproj", "{79B3E247-422E-4699-A4F2-FF829CD1417A}"
EndProject
Project("{8BC9CEB8-8B4A-11D0-8D11-00A0C91BC942}") = "libvpx_int_extract", "..\media_backends\libvpx\build\opera\msvc2010\libvpx_int_extract.vcxproj", "{20676F6A-D266-4672-B19F-7471E658331A}"
	ProjectSection(ProjectDependencies) = postProject
		{79B3E247-422E-4699-A4F2-FF829CD1417A} = {79B3E247-422E-4699-A4F2-FF829CD1417A}
	EndProjectSection
EndProject
Project("{8BC9CEB8-8B4A-11D0-8D11-00A0C91BC942}") = "autoupdate_checker", "..\..\adjunct\autoupdate\autoupdate_checker\autoupdate_checker_vc2010.vcxproj", "{7DB78C53-BA4D-4D95-BB5C-F3AA75C18C63}"
	ProjectSection(ProjectDependencies) = postProject
		{87EE9DA4-DE1E-4448-8324-183C98DCA588} = {87EE9DA4-DE1E-4448-8324-183C98DCA588}
		{C406DAEC-0886-4771-8DEA-9D7329B46CC1} = {C406DAEC-0886-4771-8DEA-9D7329B46CC1}
	EndProjectSection
EndProject
Project("{8BC9CEB8-8B4A-11D0-8D11-00A0C91BC942}") = "libcurl", "..\..\adjunct\autoupdate\autoupdate_checker\platforms\universal_adaptation_layer\network\curl\lib\libcurl.vcxproj", "{87EE9DA4-DE1E-4448-8324-183C98DCA588}"
EndProject
Project("{8BC9CEB8-8B4A-11D0-8D11-00A0C91BC942}") = "tinyxml", "..\..\adjunct\autoupdate\autoupdate_checker\platforms\universal_adaptation_layer\tinyxml\tinyxml_lib.vcxproj", "{C406DAEC-0886-4771-8DEA-9D7329B46CC1}"
EndProject
Global
	GlobalSection(SolutionConfigurationPlatforms) = preSolution
		Debug no selftests|Win32 = Debug no selftests|Win32
		Debug no selftests|x64 = Debug no selftests|x64
		Debug|Win32 = Debug|Win32
		Debug|x64 = Debug|x64
		Instrumented|Win32 = Instrumented|Win32
		Instrumented|x64 = Instrumented|x64
		PGO|Win32 = PGO|Win32
		PGO|x64 = PGO|x64
		Release|Win32 = Release|Win32
		Release|x64 = Release|x64
		vTune|Win32 = vTune|Win32
		vTune|x64 = vTune|x64
	EndGlobalSection
	GlobalSection(ProjectConfigurationPlatforms) = postSolution
		{982FD219-B6D3-45D3-A93F-1730C36477D7}.Debug no selftests|Win32.ActiveCfg = Debug|Win32
		{982FD219-B6D3-45D3-A93F-1730C36477D7}.Debug no selftests|Win32.Build.0 = Debug|Win32
		{982FD219-B6D3-45D3-A93F-1730C36477D7}.Debug no selftests|x64.ActiveCfg = Debug|x64
		{982FD219-B6D3-45D3-A93F-1730C36477D7}.Debug no selftests|x64.Build.0 = Debug|x64
		{982FD219-B6D3-45D3-A93F-1730C36477D7}.Debug|Win32.ActiveCfg = Debug|Win32
		{982FD219-B6D3-45D3-A93F-1730C36477D7}.Debug|Win32.Build.0 = Debug|Win32
		{982FD219-B6D3-45D3-A93F-1730C36477D7}.Debug|x64.ActiveCfg = Debug|x64
		{982FD219-B6D3-45D3-A93F-1730C36477D7}.Debug|x64.Build.0 = Debug|x64
		{982FD219-B6D3-45D3-A93F-1730C36477D7}.Instrumented|Win32.ActiveCfg = Instrumented|Win32
		{982FD219-B6D3-45D3-A93F-1730C36477D7}.Instrumented|Win32.Build.0 = Instrumented|Win32
		{982FD219-B6D3-45D3-A93F-1730C36477D7}.Instrumented|x64.ActiveCfg = Instrumented|x64
		{982FD219-B6D3-45D3-A93F-1730C36477D7}.Instrumented|x64.Build.0 = Instrumented|x64
		{982FD219-B6D3-45D3-A93F-1730C36477D7}.PGO|Win32.ActiveCfg = PGO|Win32
		{982FD219-B6D3-45D3-A93F-1730C36477D7}.PGO|Win32.Build.0 = PGO|Win32
		{982FD219-B6D3-45D3-A93F-1730C36477D7}.PGO|x64.ActiveCfg = PGO|x64
		{982FD219-B6D3-45D3-A93F-1730C36477D7}.PGO|x64.Build.0 = PGO|x64
		{982FD219-B6D3-45D3-A93F-1730C36477D7}.Release|Win32.ActiveCfg = Release|Win32
		{982FD219-B6D3-45D3-A93F-1730C36477D7}.Release|Win32.Build.0 = Release|Win32
		{982FD219-B6D3-45D3-A93F-1730C36477D7}.Release|x64.ActiveCfg = Release|x64
		{982FD219-B6D3-45D3-A93F-1730C36477D7}.Release|x64.Build.0 = Release|x64
		{982FD219-B6D3-45D3-A93F-1730C36477D7}.vTune|Win32.ActiveCfg = vTune|Win32
		{982FD219-B6D3-45D3-A93F-1730C36477D7}.vTune|Win32.Build.0 = vTune|Win32
		{982FD219-B6D3-45D3-A93F-1730C36477D7}.vTune|x64.ActiveCfg = vTune|x64
		{982FD219-B6D3-45D3-A93F-1730C36477D7}.vTune|x64.Build.0 = vTune|x64
		{49067E0F-D55E-4D76-AFD4-C229B256EE8A}.Debug no selftests|Win32.ActiveCfg = Debug|Win32
		{49067E0F-D55E-4D76-AFD4-C229B256EE8A}.Debug no selftests|Win32.Build.0 = Debug|Win32
		{49067E0F-D55E-4D76-AFD4-C229B256EE8A}.Debug no selftests|x64.ActiveCfg = Debug|x64
		{49067E0F-D55E-4D76-AFD4-C229B256EE8A}.Debug no selftests|x64.Build.0 = Debug|x64
		{49067E0F-D55E-4D76-AFD4-C229B256EE8A}.Debug|Win32.ActiveCfg = Debug|Win32
		{49067E0F-D55E-4D76-AFD4-C229B256EE8A}.Debug|Win32.Build.0 = Debug|Win32
		{49067E0F-D55E-4D76-AFD4-C229B256EE8A}.Debug|x64.ActiveCfg = Debug|x64
		{49067E0F-D55E-4D76-AFD4-C229B256EE8A}.Debug|x64.Build.0 = Debug|x64
		{49067E0F-D55E-4D76-AFD4-C229B256EE8A}.Instrumented|Win32.ActiveCfg = Instrumented|Win32
		{49067E0F-D55E-4D76-AFD4-C229B256EE8A}.Instrumented|Win32.Build.0 = Instrumented|Win32
		{49067E0F-D55E-4D76-AFD4-C229B256EE8A}.Instrumented|x64.ActiveCfg = Instrumented|x64
		{49067E0F-D55E-4D76-AFD4-C229B256EE8A}.Instrumented|x64.Build.0 = Instrumented|x64
		{49067E0F-D55E-4D76-AFD4-C229B256EE8A}.PGO|Win32.ActiveCfg = PGO|Win32
		{49067E0F-D55E-4D76-AFD4-C229B256EE8A}.PGO|Win32.Build.0 = PGO|Win32
		{49067E0F-D55E-4D76-AFD4-C229B256EE8A}.PGO|x64.ActiveCfg = PGO|x64
		{49067E0F-D55E-4D76-AFD4-C229B256EE8A}.PGO|x64.Build.0 = PGO|x64
		{49067E0F-D55E-4D76-AFD4-C229B256EE8A}.Release|Win32.ActiveCfg = Release|Win32
		{49067E0F-D55E-4D76-AFD4-C229B256EE8A}.Release|Win32.Build.0 = Release|Win32
		{49067E0F-D55E-4D76-AFD4-C229B256EE8A}.Release|x64.ActiveCfg = Release|x64
		{49067E0F-D55E-4D76-AFD4-C229B256EE8A}.Release|x64.Build.0 = Release|x64
		{49067E0F-D55E-4D76-AFD4-C229B256EE8A}.vTune|Win32.ActiveCfg = vTune|Win32
		{49067E0F-D55E-4D76-AFD4-C229B256EE8A}.vTune|Win32.Build.0 = vTune|Win32
		{49067E0F-D55E-4D76-AFD4-C229B256EE8A}.vTune|x64.ActiveCfg = vTune|x64
		{49067E0F-D55E-4D76-AFD4-C229B256EE8A}.vTune|x64.Build.0 = vTune|x64
		{F28C9556-828D-40A7-B3E2-D87CB53E5C8D}.Debug no selftests|Win32.ActiveCfg = Jumbo|Win32
		{F28C9556-828D-40A7-B3E2-D87CB53E5C8D}.Debug no selftests|Win32.Build.0 = Jumbo|Win32
		{F28C9556-828D-40A7-B3E2-D87CB53E5C8D}.Debug no selftests|x64.ActiveCfg = Jumbo|Win32
		{F28C9556-828D-40A7-B3E2-D87CB53E5C8D}.Debug no selftests|x64.Build.0 = Jumbo|Win32
		{F28C9556-828D-40A7-B3E2-D87CB53E5C8D}.Debug|Win32.ActiveCfg = Jumbo|Win32
		{F28C9556-828D-40A7-B3E2-D87CB53E5C8D}.Debug|Win32.Build.0 = Jumbo|Win32
		{F28C9556-828D-40A7-B3E2-D87CB53E5C8D}.Debug|x64.ActiveCfg = Jumbo|Win32
		{F28C9556-828D-40A7-B3E2-D87CB53E5C8D}.Debug|x64.Build.0 = Jumbo|Win32
		{F28C9556-828D-40A7-B3E2-D87CB53E5C8D}.Instrumented|Win32.ActiveCfg = Jumbo|Win32
		{F28C9556-828D-40A7-B3E2-D87CB53E5C8D}.Instrumented|Win32.Build.0 = Jumbo|Win32
		{F28C9556-828D-40A7-B3E2-D87CB53E5C8D}.Instrumented|x64.ActiveCfg = Jumbo|Win32
		{F28C9556-828D-40A7-B3E2-D87CB53E5C8D}.Instrumented|x64.Build.0 = Jumbo|Win32
		{F28C9556-828D-40A7-B3E2-D87CB53E5C8D}.PGO|Win32.ActiveCfg = Jumbo|Win32
		{F28C9556-828D-40A7-B3E2-D87CB53E5C8D}.PGO|x64.ActiveCfg = Jumbo|Win32
		{F28C9556-828D-40A7-B3E2-D87CB53E5C8D}.Release|Win32.ActiveCfg = Jumbo|Win32
		{F28C9556-828D-40A7-B3E2-D87CB53E5C8D}.Release|Win32.Build.0 = Jumbo|Win32
		{F28C9556-828D-40A7-B3E2-D87CB53E5C8D}.Release|x64.ActiveCfg = Jumbo|Win32
		{F28C9556-828D-40A7-B3E2-D87CB53E5C8D}.Release|x64.Build.0 = Jumbo|Win32
		{F28C9556-828D-40A7-B3E2-D87CB53E5C8D}.vTune|Win32.ActiveCfg = Jumbo|Win32
		{F28C9556-828D-40A7-B3E2-D87CB53E5C8D}.vTune|Win32.Build.0 = Jumbo|Win32
		{F28C9556-828D-40A7-B3E2-D87CB53E5C8D}.vTune|x64.ActiveCfg = Jumbo|Win32
		{F28C9556-828D-40A7-B3E2-D87CB53E5C8D}.vTune|x64.Build.0 = Jumbo|Win32
		{6F9C4580-4F25-4E99-A0DA-1F56B995FF99}.Debug no selftests|Win32.ActiveCfg = Debug no selftests|Win32
		{6F9C4580-4F25-4E99-A0DA-1F56B995FF99}.Debug no selftests|Win32.Build.0 = Debug no selftests|Win32
		{6F9C4580-4F25-4E99-A0DA-1F56B995FF99}.Debug no selftests|x64.ActiveCfg = Debug no selftests|x64
		{6F9C4580-4F25-4E99-A0DA-1F56B995FF99}.Debug no selftests|x64.Build.0 = Debug no selftests|x64
		{6F9C4580-4F25-4E99-A0DA-1F56B995FF99}.Debug|Win32.ActiveCfg = Debug|Win32
		{6F9C4580-4F25-4E99-A0DA-1F56B995FF99}.Debug|Win32.Build.0 = Debug|Win32
		{6F9C4580-4F25-4E99-A0DA-1F56B995FF99}.Debug|x64.ActiveCfg = Debug|x64
		{6F9C4580-4F25-4E99-A0DA-1F56B995FF99}.Debug|x64.Build.0 = Debug|x64
		{6F9C4580-4F25-4E99-A0DA-1F56B995FF99}.Instrumented|Win32.ActiveCfg = Release|Win32
		{6F9C4580-4F25-4E99-A0DA-1F56B995FF99}.Instrumented|Win32.Build.0 = Release|Win32
		{6F9C4580-4F25-4E99-A0DA-1F56B995FF99}.Instrumented|x64.ActiveCfg = Release|x64
		{6F9C4580-4F25-4E99-A0DA-1F56B995FF99}.Instrumented|x64.Build.0 = Release|x64
		{6F9C4580-4F25-4E99-A0DA-1F56B995FF99}.PGO|Win32.ActiveCfg = Release|Win32
		{6F9C4580-4F25-4E99-A0DA-1F56B995FF99}.PGO|x64.ActiveCfg = Release|x64
		{6F9C4580-4F25-4E99-A0DA-1F56B995FF99}.Release|Win32.ActiveCfg = Release|Win32
		{6F9C4580-4F25-4E99-A0DA-1F56B995FF99}.Release|Win32.Build.0 = Release|Win32
		{6F9C4580-4F25-4E99-A0DA-1F56B995FF99}.Release|x64.ActiveCfg = Release|x64
		{6F9C4580-4F25-4E99-A0DA-1F56B995FF99}.Release|x64.Build.0 = Release|x64
		{6F9C4580-4F25-4E99-A0DA-1F56B995FF99}.vTune|Win32.ActiveCfg = Release|Win32
		{6F9C4580-4F25-4E99-A0DA-1F56B995FF99}.vTune|Win32.Build.0 = Release|Win32
		{6F9C4580-4F25-4E99-A0DA-1F56B995FF99}.vTune|x64.ActiveCfg = Release|x64
		{6F9C4580-4F25-4E99-A0DA-1F56B995FF99}.vTune|x64.Build.0 = Release|x64
		{E1BBAE20-218A-4952-87F8-F4602901DBC3}.Debug no selftests|Win32.ActiveCfg = Debug|Win32
		{E1BBAE20-218A-4952-87F8-F4602901DBC3}.Debug no selftests|Win32.Build.0 = Debug|Win32
		{E1BBAE20-218A-4952-87F8-F4602901DBC3}.Debug no selftests|x64.ActiveCfg = Debug|x64
		{E1BBAE20-218A-4952-87F8-F4602901DBC3}.Debug no selftests|x64.Build.0 = Debug|x64
		{E1BBAE20-218A-4952-87F8-F4602901DBC3}.Debug|Win32.ActiveCfg = Debug|Win32
		{E1BBAE20-218A-4952-87F8-F4602901DBC3}.Debug|Win32.Build.0 = Debug|Win32
		{E1BBAE20-218A-4952-87F8-F4602901DBC3}.Debug|x64.ActiveCfg = Debug|x64
		{E1BBAE20-218A-4952-87F8-F4602901DBC3}.Debug|x64.Build.0 = Debug|x64
		{E1BBAE20-218A-4952-87F8-F4602901DBC3}.Instrumented|Win32.ActiveCfg = Instrumented|Win32
		{E1BBAE20-218A-4952-87F8-F4602901DBC3}.Instrumented|Win32.Build.0 = Instrumented|Win32
		{E1BBAE20-218A-4952-87F8-F4602901DBC3}.Instrumented|x64.ActiveCfg = Instrumented|x64
		{E1BBAE20-218A-4952-87F8-F4602901DBC3}.Instrumented|x64.Build.0 = Instrumented|x64
		{E1BBAE20-218A-4952-87F8-F4602901DBC3}.PGO|Win32.ActiveCfg = PGO|Win32
		{E1BBAE20-218A-4952-87F8-F4602901DBC3}.PGO|Win32.Build.0 = PGO|Win32
		{E1BBAE20-218A-4952-87F8-F4602901DBC3}.PGO|x64.ActiveCfg = PGO|x64
		{E1BBAE20-218A-4952-87F8-F4602901DBC3}.PGO|x64.Build.0 = PGO|x64
		{E1BBAE20-218A-4952-87F8-F4602901DBC3}.Release|Win32.ActiveCfg = Release|Win32
		{E1BBAE20-218A-4952-87F8-F4602901DBC3}.Release|Win32.Build.0 = Release|Win32
		{E1BBAE20-218A-4952-87F8-F4602901DBC3}.Release|x64.ActiveCfg = Release|x64
		{E1BBAE20-218A-4952-87F8-F4602901DBC3}.Release|x64.Build.0 = Release|x64
		{E1BBAE20-218A-4952-87F8-F4602901DBC3}.vTune|Win32.ActiveCfg = vTune|Win32
		{E1BBAE20-218A-4952-87F8-F4602901DBC3}.vTune|Win32.Build.0 = vTune|Win32
		{E1BBAE20-218A-4952-87F8-F4602901DBC3}.vTune|x64.ActiveCfg = vTune|x64
		{E1BBAE20-218A-4952-87F8-F4602901DBC3}.vTune|x64.Build.0 = vTune|x64
		{58328DD8-A301-48CC-ADC9-550874C59250}.Debug no selftests|Win32.ActiveCfg = Release|Win32
		{58328DD8-A301-48CC-ADC9-550874C59250}.Debug no selftests|Win32.Build.0 = Release|Win32
		{58328DD8-A301-48CC-ADC9-550874C59250}.Debug no selftests|x64.ActiveCfg = Release|Win32
		{58328DD8-A301-48CC-ADC9-550874C59250}.Debug no selftests|x64.Build.0 = Release|Win32
		{58328DD8-A301-48CC-ADC9-550874C59250}.Debug|Win32.ActiveCfg = Release|Win32
		{58328DD8-A301-48CC-ADC9-550874C59250}.Debug|Win32.Build.0 = Release|Win32
		{58328DD8-A301-48CC-ADC9-550874C59250}.Debug|x64.ActiveCfg = Release|Win32
		{58328DD8-A301-48CC-ADC9-550874C59250}.Debug|x64.Build.0 = Release|Win32
		{58328DD8-A301-48CC-ADC9-550874C59250}.Instrumented|Win32.ActiveCfg = Release|Win32
		{58328DD8-A301-48CC-ADC9-550874C59250}.Instrumented|Win32.Build.0 = Release|Win32
		{58328DD8-A301-48CC-ADC9-550874C59250}.Instrumented|x64.ActiveCfg = Release|Win32
		{58328DD8-A301-48CC-ADC9-550874C59250}.Instrumented|x64.Build.0 = Release|Win32
		{58328DD8-A301-48CC-ADC9-550874C59250}.PGO|Win32.ActiveCfg = Release|Win32
		{58328DD8-A301-48CC-ADC9-550874C59250}.PGO|x64.ActiveCfg = Release|Win32
		{58328DD8-A301-48CC-ADC9-550874C59250}.Release|Win32.ActiveCfg = Release|Win32
		{58328DD8-A301-48CC-ADC9-550874C59250}.Release|Win32.Build.0 = Release|Win32
		{58328DD8-A301-48CC-ADC9-550874C59250}.Release|x64.ActiveCfg = Release|Win32
		{58328DD8-A301-48CC-ADC9-550874C59250}.Release|x64.Build.0 = Release|Win32
		{58328DD8-A301-48CC-ADC9-550874C59250}.vTune|Win32.ActiveCfg = Release|Win32
		{58328DD8-A301-48CC-ADC9-550874C59250}.vTune|Win32.Build.0 = Release|Win32
		{58328DD8-A301-48CC-ADC9-550874C59250}.vTune|x64.ActiveCfg = Release|Win32
		{58328DD8-A301-48CC-ADC9-550874C59250}.vTune|x64.Build.0 = Release|Win32
		{133248D3-2BF8-4B17-AE1F-9596E17C97C2}.Debug no selftests|Win32.ActiveCfg = Debug|Win32
		{133248D3-2BF8-4B17-AE1F-9596E17C97C2}.Debug no selftests|Win32.Build.0 = Debug|Win32
		{133248D3-2BF8-4B17-AE1F-9596E17C97C2}.Debug no selftests|x64.ActiveCfg = Debug|x64
		{133248D3-2BF8-4B17-AE1F-9596E17C97C2}.Debug no selftests|x64.Build.0 = Debug|x64
		{133248D3-2BF8-4B17-AE1F-9596E17C97C2}.Debug|Win32.ActiveCfg = Debug|Win32
		{133248D3-2BF8-4B17-AE1F-9596E17C97C2}.Debug|Win32.Build.0 = Debug|Win32
		{133248D3-2BF8-4B17-AE1F-9596E17C97C2}.Debug|x64.ActiveCfg = Debug|x64
		{133248D3-2BF8-4B17-AE1F-9596E17C97C2}.Debug|x64.Build.0 = Debug|x64
		{133248D3-2BF8-4B17-AE1F-9596E17C97C2}.Instrumented|Win32.ActiveCfg = Instrumented|Win32
		{133248D3-2BF8-4B17-AE1F-9596E17C97C2}.Instrumented|Win32.Build.0 = Instrumented|Win32
		{133248D3-2BF8-4B17-AE1F-9596E17C97C2}.Instrumented|x64.ActiveCfg = Instrumented|x64
		{133248D3-2BF8-4B17-AE1F-9596E17C97C2}.Instrumented|x64.Build.0 = Instrumented|x64
		{133248D3-2BF8-4B17-AE1F-9596E17C97C2}.PGO|Win32.ActiveCfg = PGO|Win32
		{133248D3-2BF8-4B17-AE1F-9596E17C97C2}.PGO|Win32.Build.0 = PGO|Win32
		{133248D3-2BF8-4B17-AE1F-9596E17C97C2}.PGO|x64.ActiveCfg = PGO|x64
		{133248D3-2BF8-4B17-AE1F-9596E17C97C2}.PGO|x64.Build.0 = PGO|x64
		{133248D3-2BF8-4B17-AE1F-9596E17C97C2}.Release|Win32.ActiveCfg = Release|Win32
		{133248D3-2BF8-4B17-AE1F-9596E17C97C2}.Release|Win32.Build.0 = Release|Win32
		{133248D3-2BF8-4B17-AE1F-9596E17C97C2}.Release|x64.ActiveCfg = Release|x64
		{133248D3-2BF8-4B17-AE1F-9596E17C97C2}.Release|x64.Build.0 = Release|x64
		{133248D3-2BF8-4B17-AE1F-9596E17C97C2}.vTune|Win32.ActiveCfg = vTune|Win32
		{133248D3-2BF8-4B17-AE1F-9596E17C97C2}.vTune|Win32.Build.0 = vTune|Win32
		{133248D3-2BF8-4B17-AE1F-9596E17C97C2}.vTune|x64.ActiveCfg = Release|x64
		{133248D3-2BF8-4B17-AE1F-9596E17C97C2}.vTune|x64.Build.0 = Release|x64
		{D42C03BE-887F-4ACA-9C18-ECEFC22D35B6}.Debug no selftests|Win32.ActiveCfg = Debug|Win32
		{D42C03BE-887F-4ACA-9C18-ECEFC22D35B6}.Debug no selftests|x64.ActiveCfg = Debug|Win32
		{D42C03BE-887F-4ACA-9C18-ECEFC22D35B6}.Debug no selftests|x64.Build.0 = Debug|Win32
		{D42C03BE-887F-4ACA-9C18-ECEFC22D35B6}.Debug|Win32.ActiveCfg = Debug|Win32
		{D42C03BE-887F-4ACA-9C18-ECEFC22D35B6}.Debug|x64.ActiveCfg = Debug|Win32
		{D42C03BE-887F-4ACA-9C18-ECEFC22D35B6}.Debug|x64.Build.0 = Debug|Win32
		{D42C03BE-887F-4ACA-9C18-ECEFC22D35B6}.Instrumented|Win32.ActiveCfg = Instrumented|Win32
		{D42C03BE-887F-4ACA-9C18-ECEFC22D35B6}.Instrumented|x64.ActiveCfg = Instrumented|Win32
		{D42C03BE-887F-4ACA-9C18-ECEFC22D35B6}.Instrumented|x64.Build.0 = Instrumented|Win32
		{D42C03BE-887F-4ACA-9C18-ECEFC22D35B6}.PGO|Win32.ActiveCfg = PGO|Win32
		{D42C03BE-887F-4ACA-9C18-ECEFC22D35B6}.PGO|x64.ActiveCfg = PGO|Win32
		{D42C03BE-887F-4ACA-9C18-ECEFC22D35B6}.PGO|x64.Build.0 = PGO|Win32
		{D42C03BE-887F-4ACA-9C18-ECEFC22D35B6}.Release|Win32.ActiveCfg = Release|Win32
		{D42C03BE-887F-4ACA-9C18-ECEFC22D35B6}.Release|x64.ActiveCfg = Release|Win32
		{D42C03BE-887F-4ACA-9C18-ECEFC22D35B6}.Release|x64.Build.0 = Release|Win32
		{D42C03BE-887F-4ACA-9C18-ECEFC22D35B6}.vTune|Win32.ActiveCfg = vTune|Win32
		{D42C03BE-887F-4ACA-9C18-ECEFC22D35B6}.vTune|x64.ActiveCfg = Release|Win32
		{D42C03BE-887F-4ACA-9C18-ECEFC22D35B6}.vTune|x64.Build.0 = Release|Win32
		{9B0416C9-6BB2-4ACB-B5CE-2968B01D0F5F}.Debug no selftests|Win32.ActiveCfg = Debug|Win32
		{9B0416C9-6BB2-4ACB-B5CE-2968B01D0F5F}.Debug no selftests|Win32.Build.0 = Debug|Win32
		{9B0416C9-6BB2-4ACB-B5CE-2968B01D0F5F}.Debug no selftests|x64.ActiveCfg = Debug|x64
		{9B0416C9-6BB2-4ACB-B5CE-2968B01D0F5F}.Debug no selftests|x64.Build.0 = Debug|x64
		{9B0416C9-6BB2-4ACB-B5CE-2968B01D0F5F}.Debug|Win32.ActiveCfg = Debug|Win32
		{9B0416C9-6BB2-4ACB-B5CE-2968B01D0F5F}.Debug|Win32.Build.0 = Debug|Win32
		{9B0416C9-6BB2-4ACB-B5CE-2968B01D0F5F}.Debug|x64.ActiveCfg = Debug|x64
		{9B0416C9-6BB2-4ACB-B5CE-2968B01D0F5F}.Debug|x64.Build.0 = Debug|x64
		{9B0416C9-6BB2-4ACB-B5CE-2968B01D0F5F}.Instrumented|Win32.ActiveCfg = Instrumented|Win32
		{9B0416C9-6BB2-4ACB-B5CE-2968B01D0F5F}.Instrumented|Win32.Build.0 = Instrumented|Win32
		{9B0416C9-6BB2-4ACB-B5CE-2968B01D0F5F}.Instrumented|x64.ActiveCfg = Instrumented|x64
		{9B0416C9-6BB2-4ACB-B5CE-2968B01D0F5F}.Instrumented|x64.Build.0 = Instrumented|x64
		{9B0416C9-6BB2-4ACB-B5CE-2968B01D0F5F}.PGO|Win32.ActiveCfg = PGO|Win32
		{9B0416C9-6BB2-4ACB-B5CE-2968B01D0F5F}.PGO|Win32.Build.0 = PGO|Win32
		{9B0416C9-6BB2-4ACB-B5CE-2968B01D0F5F}.PGO|x64.ActiveCfg = PGO|x64
		{9B0416C9-6BB2-4ACB-B5CE-2968B01D0F5F}.PGO|x64.Build.0 = PGO|x64
		{9B0416C9-6BB2-4ACB-B5CE-2968B01D0F5F}.Release|Win32.ActiveCfg = Release|Win32
		{9B0416C9-6BB2-4ACB-B5CE-2968B01D0F5F}.Release|Win32.Build.0 = Release|Win32
		{9B0416C9-6BB2-4ACB-B5CE-2968B01D0F5F}.Release|x64.ActiveCfg = Release|x64
		{9B0416C9-6BB2-4ACB-B5CE-2968B01D0F5F}.Release|x64.Build.0 = Release|x64
		{9B0416C9-6BB2-4ACB-B5CE-2968B01D0F5F}.vTune|Win32.ActiveCfg = vTune|Win32
		{9B0416C9-6BB2-4ACB-B5CE-2968B01D0F5F}.vTune|Win32.Build.0 = vTune|Win32
		{9B0416C9-6BB2-4ACB-B5CE-2968B01D0F5F}.vTune|x64.ActiveCfg = vTune|x64
		{9B0416C9-6BB2-4ACB-B5CE-2968B01D0F5F}.vTune|x64.Build.0 = vTune|x64
		{BCCECB64-BB6C-4755-AE3D-E647A8F029A1}.Debug no selftests|Win32.ActiveCfg = Debug|Win32
		{BCCECB64-BB6C-4755-AE3D-E647A8F029A1}.Debug no selftests|x64.ActiveCfg = Debug|Win32
		{BCCECB64-BB6C-4755-AE3D-E647A8F029A1}.Debug no selftests|x64.Build.0 = Debug|Win32
		{BCCECB64-BB6C-4755-AE3D-E647A8F029A1}.Debug|Win32.ActiveCfg = Debug|Win32
		{BCCECB64-BB6C-4755-AE3D-E647A8F029A1}.Debug|x64.ActiveCfg = Debug|Win32
		{BCCECB64-BB6C-4755-AE3D-E647A8F029A1}.Debug|x64.Build.0 = Debug|Win32
		{BCCECB64-BB6C-4755-AE3D-E647A8F029A1}.Instrumented|Win32.ActiveCfg = Instrumented|Win32
		{BCCECB64-BB6C-4755-AE3D-E647A8F029A1}.Instrumented|x64.ActiveCfg = Instrumented|Win32
		{BCCECB64-BB6C-4755-AE3D-E647A8F029A1}.Instrumented|x64.Build.0 = Instrumented|Win32
		{BCCECB64-BB6C-4755-AE3D-E647A8F029A1}.PGO|Win32.ActiveCfg = PGO|Win32
		{BCCECB64-BB6C-4755-AE3D-E647A8F029A1}.PGO|x64.ActiveCfg = PGO|Win32
		{BCCECB64-BB6C-4755-AE3D-E647A8F029A1}.PGO|x64.Build.0 = PGO|Win32
		{BCCECB64-BB6C-4755-AE3D-E647A8F029A1}.Release|Win32.ActiveCfg = Release|Win32
		{BCCECB64-BB6C-4755-AE3D-E647A8F029A1}.Release|x64.ActiveCfg = Release|Win32
		{BCCECB64-BB6C-4755-AE3D-E647A8F029A1}.Release|x64.Build.0 = Release|Win32
		{BCCECB64-BB6C-4755-AE3D-E647A8F029A1}.vTune|Win32.ActiveCfg = vTune|Win32
		{BCCECB64-BB6C-4755-AE3D-E647A8F029A1}.vTune|x64.ActiveCfg = vTune|Win32
		{BCCECB64-BB6C-4755-AE3D-E647A8F029A1}.vTune|x64.Build.0 = vTune|Win32
		{DCE19DAF-69AC-46DB-B14A-39F0FAA5DB74}.Debug no selftests|Win32.ActiveCfg = Debug|Win32
		{DCE19DAF-69AC-46DB-B14A-39F0FAA5DB74}.Debug no selftests|Win32.Build.0 = Debug|Win32
		{DCE19DAF-69AC-46DB-B14A-39F0FAA5DB74}.Debug no selftests|x64.ActiveCfg = Debug|x64
		{DCE19DAF-69AC-46DB-B14A-39F0FAA5DB74}.Debug no selftests|x64.Build.0 = Debug|x64
		{DCE19DAF-69AC-46DB-B14A-39F0FAA5DB74}.Debug|Win32.ActiveCfg = Debug|Win32
		{DCE19DAF-69AC-46DB-B14A-39F0FAA5DB74}.Debug|Win32.Build.0 = Debug|Win32
		{DCE19DAF-69AC-46DB-B14A-39F0FAA5DB74}.Debug|x64.ActiveCfg = Debug|x64
		{DCE19DAF-69AC-46DB-B14A-39F0FAA5DB74}.Debug|x64.Build.0 = Debug|x64
		{DCE19DAF-69AC-46DB-B14A-39F0FAA5DB74}.Instrumented|Win32.ActiveCfg = Release|Win32
		{DCE19DAF-69AC-46DB-B14A-39F0FAA5DB74}.Instrumented|Win32.Build.0 = Release|Win32
		{DCE19DAF-69AC-46DB-B14A-39F0FAA5DB74}.Instrumented|x64.ActiveCfg = Release|x64
		{DCE19DAF-69AC-46DB-B14A-39F0FAA5DB74}.Instrumented|x64.Build.0 = Release|x64
		{DCE19DAF-69AC-46DB-B14A-39F0FAA5DB74}.PGO|Win32.ActiveCfg = Release|Win32
		{DCE19DAF-69AC-46DB-B14A-39F0FAA5DB74}.PGO|x64.ActiveCfg = Release|x64
		{DCE19DAF-69AC-46DB-B14A-39F0FAA5DB74}.Release|Win32.ActiveCfg = Release|Win32
		{DCE19DAF-69AC-46DB-B14A-39F0FAA5DB74}.Release|Win32.Build.0 = Release|Win32
		{DCE19DAF-69AC-46DB-B14A-39F0FAA5DB74}.Release|x64.ActiveCfg = Release|x64
		{DCE19DAF-69AC-46DB-B14A-39F0FAA5DB74}.Release|x64.Build.0 = Release|x64
		{DCE19DAF-69AC-46DB-B14A-39F0FAA5DB74}.vTune|Win32.ActiveCfg = Release|Win32
		{DCE19DAF-69AC-46DB-B14A-39F0FAA5DB74}.vTune|Win32.Build.0 = Release|Win32
		{DCE19DAF-69AC-46DB-B14A-39F0FAA5DB74}.vTune|x64.ActiveCfg = Release|x64
		{DCE19DAF-69AC-46DB-B14A-39F0FAA5DB74}.vTune|x64.Build.0 = Release|x64
		{79B3E247-422E-4699-A4F2-FF829CD1417A}.Debug no selftests|Win32.ActiveCfg = Debug|Win32
		{79B3E247-422E-4699-A4F2-FF829CD1417A}.Debug no selftests|Win32.Build.0 = Debug|Win32
		{79B3E247-422E-4699-A4F2-FF829CD1417A}.Debug no selftests|x64.ActiveCfg = Debug|x64
		{79B3E247-422E-4699-A4F2-FF829CD1417A}.Debug no selftests|x64.Build.0 = Debug|x64
		{79B3E247-422E-4699-A4F2-FF829CD1417A}.Debug|Win32.ActiveCfg = Debug|Win32
		{79B3E247-422E-4699-A4F2-FF829CD1417A}.Debug|Win32.Build.0 = Debug|Win32
		{79B3E247-422E-4699-A4F2-FF829CD1417A}.Debug|x64.ActiveCfg = Debug|x64
		{79B3E247-422E-4699-A4F2-FF829CD1417A}.Debug|x64.Build.0 = Debug|x64
		{79B3E247-422E-4699-A4F2-FF829CD1417A}.Instrumented|Win32.ActiveCfg = Release|Win32
		{79B3E247-422E-4699-A4F2-FF829CD1417A}.Instrumented|Win32.Build.0 = Release|Win32
		{79B3E247-422E-4699-A4F2-FF829CD1417A}.Instrumented|x64.ActiveCfg = Release|x64
		{79B3E247-422E-4699-A4F2-FF829CD1417A}.Instrumented|x64.Build.0 = Release|x64
		{79B3E247-422E-4699-A4F2-FF829CD1417A}.PGO|Win32.ActiveCfg = Release|Win32
		{79B3E247-422E-4699-A4F2-FF829CD1417A}.PGO|x64.ActiveCfg = Release|x64
		{79B3E247-422E-4699-A4F2-FF829CD1417A}.Release|Win32.ActiveCfg = Release|Win32
		{79B3E247-422E-4699-A4F2-FF829CD1417A}.Release|Win32.Build.0 = Release|Win32
		{79B3E247-422E-4699-A4F2-FF829CD1417A}.Release|x64.ActiveCfg = Release|x64
		{79B3E247-422E-4699-A4F2-FF829CD1417A}.Release|x64.Build.0 = Release|x64
		{79B3E247-422E-4699-A4F2-FF829CD1417A}.vTune|Win32.ActiveCfg = Release|Win32
		{79B3E247-422E-4699-A4F2-FF829CD1417A}.vTune|Win32.Build.0 = Release|Win32
		{79B3E247-422E-4699-A4F2-FF829CD1417A}.vTune|x64.ActiveCfg = Release|x64
		{79B3E247-422E-4699-A4F2-FF829CD1417A}.vTune|x64.Build.0 = Release|x64
		{20676F6A-D266-4672-B19F-7471E658331A}.Debug no selftests|Win32.ActiveCfg = Debug|Win32
		{20676F6A-D266-4672-B19F-7471E658331A}.Debug no selftests|Win32.Build.0 = Debug|Win32
		{20676F6A-D266-4672-B19F-7471E658331A}.Debug no selftests|x64.ActiveCfg = Debug|x64
		{20676F6A-D266-4672-B19F-7471E658331A}.Debug no selftests|x64.Build.0 = Debug|x64
		{20676F6A-D266-4672-B19F-7471E658331A}.Debug|Win32.ActiveCfg = Debug|Win32
		{20676F6A-D266-4672-B19F-7471E658331A}.Debug|Win32.Build.0 = Debug|Win32
		{20676F6A-D266-4672-B19F-7471E658331A}.Debug|x64.ActiveCfg = Debug|x64
		{20676F6A-D266-4672-B19F-7471E658331A}.Debug|x64.Build.0 = Debug|x64
		{20676F6A-D266-4672-B19F-7471E658331A}.Instrumented|Win32.ActiveCfg = Release|Win32
		{20676F6A-D266-4672-B19F-7471E658331A}.Instrumented|Win32.Build.0 = Release|Win32
		{20676F6A-D266-4672-B19F-7471E658331A}.Instrumented|x64.ActiveCfg = Release|x64
		{20676F6A-D266-4672-B19F-7471E658331A}.Instrumented|x64.Build.0 = Release|x64
		{20676F6A-D266-4672-B19F-7471E658331A}.PGO|Win32.ActiveCfg = Release|Win32
		{20676F6A-D266-4672-B19F-7471E658331A}.PGO|x64.ActiveCfg = Release|x64
		{20676F6A-D266-4672-B19F-7471E658331A}.Release|Win32.ActiveCfg = Release|Win32
		{20676F6A-D266-4672-B19F-7471E658331A}.Release|Win32.Build.0 = Release|Win32
		{20676F6A-D266-4672-B19F-7471E658331A}.Release|x64.ActiveCfg = Release|x64
		{20676F6A-D266-4672-B19F-7471E658331A}.Release|x64.Build.0 = Release|x64
		{20676F6A-D266-4672-B19F-7471E658331A}.vTune|Win32.ActiveCfg = Release|Win32
		{20676F6A-D266-4672-B19F-7471E658331A}.vTune|Win32.Build.0 = Release|Win32
		{20676F6A-D266-4672-B19F-7471E658331A}.vTune|x64.ActiveCfg = Release|x64
		{20676F6A-D266-4672-B19F-7471E658331A}.vTune|x64.Build.0 = Release|x64
		{7DB78C53-BA4D-4D95-BB5C-F3AA75C18C63}.Debug no selftests|Win32.ActiveCfg = Debug|Win32
		{7DB78C53-BA4D-4D95-BB5C-F3AA75C18C63}.Debug no selftests|Win32.Build.0 = Debug|Win32
		{7DB78C53-BA4D-4D95-BB5C-F3AA75C18C63}.Debug no selftests|x64.ActiveCfg = Debug|x64
		{7DB78C53-BA4D-4D95-BB5C-F3AA75C18C63}.Debug no selftests|x64.Build.0 = Debug|x64
		{7DB78C53-BA4D-4D95-BB5C-F3AA75C18C63}.Debug|Win32.ActiveCfg = Debug|Win32
		{7DB78C53-BA4D-4D95-BB5C-F3AA75C18C63}.Debug|Win32.Build.0 = Debug|Win32
		{7DB78C53-BA4D-4D95-BB5C-F3AA75C18C63}.Debug|x64.ActiveCfg = Debug|x64
		{7DB78C53-BA4D-4D95-BB5C-F3AA75C18C63}.Debug|x64.Build.0 = Debug|x64
		{7DB78C53-BA4D-4D95-BB5C-F3AA75C18C63}.Instrumented|Win32.ActiveCfg = Instrumented|Win32
		{7DB78C53-BA4D-4D95-BB5C-F3AA75C18C63}.Instrumented|Win32.Build.0 = Instrumented|Win32
		{7DB78C53-BA4D-4D95-BB5C-F3AA75C18C63}.Instrumented|x64.ActiveCfg = Instrumented|x64
		{7DB78C53-BA4D-4D95-BB5C-F3AA75C18C63}.Instrumented|x64.Build.0 = Instrumented|x64
		{7DB78C53-BA4D-4D95-BB5C-F3AA75C18C63}.PGO|Win32.ActiveCfg = PGO|Win32
		{7DB78C53-BA4D-4D95-BB5C-F3AA75C18C63}.PGO|Win32.Build.0 = PGO|Win32
		{7DB78C53-BA4D-4D95-BB5C-F3AA75C18C63}.PGO|x64.ActiveCfg = PGO|x64
		{7DB78C53-BA4D-4D95-BB5C-F3AA75C18C63}.PGO|x64.Build.0 = PGO|x64
		{7DB78C53-BA4D-4D95-BB5C-F3AA75C18C63}.Release|Win32.ActiveCfg = Release|Win32
		{7DB78C53-BA4D-4D95-BB5C-F3AA75C18C63}.Release|Win32.Build.0 = Release|Win32
		{7DB78C53-BA4D-4D95-BB5C-F3AA75C18C63}.Release|x64.ActiveCfg = Release|x64
		{7DB78C53-BA4D-4D95-BB5C-F3AA75C18C63}.Release|x64.Build.0 = Release|x64
		{7DB78C53-BA4D-4D95-BB5C-F3AA75C18C63}.vTune|Win32.ActiveCfg = vTune|Win32
		{7DB78C53-BA4D-4D95-BB5C-F3AA75C18C63}.vTune|Win32.Build.0 = vTune|Win32
		{7DB78C53-BA4D-4D95-BB5C-F3AA75C18C63}.vTune|x64.ActiveCfg = vTune|x64
		{7DB78C53-BA4D-4D95-BB5C-F3AA75C18C63}.vTune|x64.Build.0 = vTune|x64
		{87EE9DA4-DE1E-4448-8324-183C98DCA588}.Debug no selftests|Win32.ActiveCfg = Debug|Win32
		{87EE9DA4-DE1E-4448-8324-183C98DCA588}.Debug no selftests|Win32.Build.0 = Debug|Win32
		{87EE9DA4-DE1E-4448-8324-183C98DCA588}.Debug no selftests|x64.ActiveCfg = Debug|x64
		{87EE9DA4-DE1E-4448-8324-183C98DCA588}.Debug no selftests|x64.Build.0 = Debug|x64
		{87EE9DA4-DE1E-4448-8324-183C98DCA588}.Debug|Win32.ActiveCfg = Debug|Win32
		{87EE9DA4-DE1E-4448-8324-183C98DCA588}.Debug|Win32.Build.0 = Debug|Win32
		{87EE9DA4-DE1E-4448-8324-183C98DCA588}.Debug|x64.ActiveCfg = Debug|x64
		{87EE9DA4-DE1E-4448-8324-183C98DCA588}.Debug|x64.Build.0 = Debug|x64
		{87EE9DA4-DE1E-4448-8324-183C98DCA588}.Instrumented|Win32.ActiveCfg = Release|Win32
		{87EE9DA4-DE1E-4448-8324-183C98DCA588}.Instrumented|Win32.Build.0 = Release|Win32
		{87EE9DA4-DE1E-4448-8324-183C98DCA588}.Instrumented|x64.ActiveCfg = Release|x64
		{87EE9DA4-DE1E-4448-8324-183C98DCA588}.Instrumented|x64.Build.0 = Release|x64
		{87EE9DA4-DE1E-4448-8324-183C98DCA588}.PGO|Win32.ActiveCfg = Release|Win32
		{87EE9DA4-DE1E-4448-8324-183C98DCA588}.PGO|Win32.Build.0 = Release|Win32
		{87EE9DA4-DE1E-4448-8324-183C98DCA588}.PGO|x64.ActiveCfg = Release|x64
		{87EE9DA4-DE1E-4448-8324-183C98DCA588}.PGO|x64.Build.0 = Release|x64
		{87EE9DA4-DE1E-4448-8324-183C98DCA588}.Release|Win32.ActiveCfg = Release|Win32
		{87EE9DA4-DE1E-4448-8324-183C98DCA588}.Release|Win32.Build.0 = Release|Win32
		{87EE9DA4-DE1E-4448-8324-183C98DCA588}.Release|x64.ActiveCfg = Release|x64
		{87EE9DA4-DE1E-4448-8324-183C98DCA588}.Release|x64.Build.0 = Release|x64
		{87EE9DA4-DE1E-4448-8324-183C98DCA588}.vTune|Win32.ActiveCfg = Release|Win32
		{87EE9DA4-DE1E-4448-8324-183C98DCA588}.vTune|Win32.Build.0 = Release|Win32
		{87EE9DA4-DE1E-4448-8324-183C98DCA588}.vTune|x64.ActiveCfg = Release|x64
		{87EE9DA4-DE1E-4448-8324-183C98DCA588}.vTune|x64.Build.0 = Release|x64
		{C406DAEC-0886-4771-8DEA-9D7329B46CC1}.Debug no selftests|Win32.ActiveCfg = Debug|Win32
		{C406DAEC-0886-4771-8DEA-9D7329B46CC1}.Debug no selftests|Win32.Build.0 = Debug|Win32
		{C406DAEC-0886-4771-8DEA-9D7329B46CC1}.Debug no selftests|x64.ActiveCfg = Debug|x64
		{C406DAEC-0886-4771-8DEA-9D7329B46CC1}.Debug no selftests|x64.Build.0 = Debug|x64
		{C406DAEC-0886-4771-8DEA-9D7329B46CC1}.Debug|Win32.ActiveCfg = Debug|Win32
		{C406DAEC-0886-4771-8DEA-9D7329B46CC1}.Debug|Win32.Build.0 = Debug|Win32
		{C406DAEC-0886-4771-8DEA-9D7329B46CC1}.Debug|x64.ActiveCfg = Debug|x64
		{C406DAEC-0886-4771-8DEA-9D7329B46CC1}.Debug|x64.Build.0 = Debug|x64
		{C406DAEC-0886-4771-8DEA-9D7329B46CC1}.Instrumented|Win32.ActiveCfg = Release|Win32
		{C406DAEC-0886-4771-8DEA-9D7329B46CC1}.Instrumented|Win32.Build.0 = Release|Win32
		{C406DAEC-0886-4771-8DEA-9D7329B46CC1}.Instrumented|x64.ActiveCfg = Release|x64
		{C406DAEC-0886-4771-8DEA-9D7329B46CC1}.Instrumented|x64.Build.0 = Release|x64
		{C406DAEC-0886-4771-8DEA-9D7329B46CC1}.PGO|Win32.ActiveCfg = Release|Win32
		{C406DAEC-0886-4771-8DEA-9D7329B46CC1}.PGO|Win32.Build.0 = Release|Win32
		{C406DAEC-0886-4771-8DEA-9D7329B46CC1}.PGO|x64.ActiveCfg = Release|x64
		{C406DAEC-0886-4771-8DEA-9D7329B46CC1}.PGO|x64.Build.0 = Release|x64
		{C406DAEC-0886-4771-8DEA-9D7329B46CC1}.Release|Win32.ActiveCfg = Release|Win32
		{C406DAEC-0886-4771-8DEA-9D7329B46CC1}.Release|Win32.Build.0 = Release|Win32
		{C406DAEC-0886-4771-8DEA-9D7329B46CC1}.Release|x64.ActiveCfg = Release|x64
		{C406DAEC-0886-4771-8DEA-9D7329B46CC1}.Release|x64.Build.0 = Release|x64
		{C406DAEC-0886-4771-8DEA-9D7329B46CC1}.vTune|Win32.ActiveCfg = Release|Win32
		{C406DAEC-0886-4771-8DEA-9D7329B46CC1}.vTune|Win32.Build.0 = Release|Win32
		{C406DAEC-0886-4771-8DEA-9D7329B46CC1}.vTune|x64.ActiveCfg = Release|x64
		{C406DAEC-0886-4771-8DEA-9D7329B46CC1}.vTune|x64.Build.0 = Release|x64
	EndGlobalSection
	GlobalSection(SolutionProperties) = preSolution
		HideSolutionNode = FALSE
	EndGlobalSection
EndGlobal
